// !$*UTF8*$!
{
	archiveVersion = 1;
	classes = {
	};
	objectVersion = 46;
	objects = {

/* Begin PBXBuildFile section */
		90D9C6F01E3A2024004C954E /* AppDelegate.swift in Sources */ = {isa = PBXBuildFile; fileRef = 90D9C6EF1E3A2024004C954E /* AppDelegate.swift */; };
		90D9C6F21E3A2024004C954E /* ViewController.swift in Sources */ = {isa = PBXBuildFile; fileRef = 90D9C6F11E3A2024004C954E /* ViewController.swift */; };
		90D9C6F51E3A2024004C954E /* Main.storyboard in Resources */ = {isa = PBXBuildFile; fileRef = 90D9C6F31E3A2024004C954E /* Main.storyboard */; };
		90D9C6F71E3A2024004C954E /* Assets.xcassets in Resources */ = {isa = PBXBuildFile; fileRef = 90D9C6F61E3A2024004C954E /* Assets.xcassets */; };
		90D9C6FA1E3A2024004C954E /* LaunchScreen.storyboard in Resources */ = {isa = PBXBuildFile; fileRef = 90D9C6F81E3A2024004C954E /* LaunchScreen.storyboard */; };
		90D9C7051E3A2025004C954E /* CameraTaskTests.swift in Sources */ = {isa = PBXBuildFile; fileRef = 90D9C7041E3A2025004C954E /* CameraTaskTests.swift */; };
		90D9C7101E3A2025004C954E /* CameraTaskUITests.swift in Sources */ = {isa = PBXBuildFile; fileRef = 90D9C70F1E3A2025004C954E /* CameraTaskUITests.swift */; };
/* End PBXBuildFile section */

/* Begin PBXContainerItemProxy section */
		90D9C7011E3A2025004C954E /* PBXContainerItemProxy */ = {
			isa = PBXContainerItemProxy;
			containerPortal = 90D9C6E41E3A2024004C954E /* Project object */;
			proxyType = 1;
			remoteGlobalIDString = 90D9C6EB1E3A2024004C954E;
			remoteInfo = CameraTask;
		};
		90D9C70C1E3A2025004C954E /* PBXContainerItemProxy */ = {
			isa = PBXContainerItemProxy;
			containerPortal = 90D9C6E41E3A2024004C954E /* Project object */;
			proxyType = 1;
			remoteGlobalIDString = 90D9C6EB1E3A2024004C954E;
			remoteInfo = CameraTask;
		};
/* End PBXContainerItemProxy section */

/* Begin PBXFileReference section */
		90D9C6EC1E3A2024004C954E /* CameraTask.app */ = {isa = PBXFileReference; explicitFileType = wrapper.application; includeInIndex = 0; path = CameraTask.app; sourceTree = BUILT_PRODUCTS_DIR; };
		90D9C6EF1E3A2024004C954E /* AppDelegate.swift */ = {isa = PBXFileReference; lastKnownFileType = sourcecode.swift; path = AppDelegate.swift; sourceTree = "<group>"; };
		90D9C6F11E3A2024004C954E /* ViewController.swift */ = {isa = PBXFileReference; lastKnownFileType = sourcecode.swift; path = ViewController.swift; sourceTree = "<group>"; };
		90D9C6F41E3A2024004C954E /* Base */ = {isa = PBXFileReference; lastKnownFileType = file.storyboard; name = Base; path = Base.lproj/Main.storyboard; sourceTree = "<group>"; };
		90D9C6F61E3A2024004C954E /* Assets.xcassets */ = {isa = PBXFileReference; lastKnownFileType = folder.assetcatalog; path = Assets.xcassets; sourceTree = "<group>"; };
		90D9C6F91E3A2024004C954E /* Base */ = {isa = PBXFileReference; lastKnownFileType = file.storyboard; name = Base; path = Base.lproj/LaunchScreen.storyboard; sourceTree = "<group>"; };
		90D9C6FB1E3A2024004C954E /* Info.plist */ = {isa = PBXFileReference; lastKnownFileType = text.plist.xml; path = Info.plist; sourceTree = "<group>"; };
		90D9C7001E3A2025004C954E /* CameraTaskTests.xctest */ = {isa = PBXFileReference; explicitFileType = wrapper.cfbundle; includeInIndex = 0; path = CameraTaskTests.xctest; sourceTree = BUILT_PRODUCTS_DIR; };
		90D9C7041E3A2025004C954E /* CameraTaskTests.swift */ = {isa = PBXFileReference; lastKnownFileType = sourcecode.swift; path = CameraTaskTests.swift; sourceTree = "<group>"; };
		90D9C7061E3A2025004C954E /* Info.plist */ = {isa = PBXFileReference; lastKnownFileType = text.plist.xml; path = Info.plist; sourceTree = "<group>"; };
		90D9C70B1E3A2025004C954E /* CameraTaskUITests.xctest */ = {isa = PBXFileReference; explicitFileType = wrapper.cfbundle; includeInIndex = 0; path = CameraTaskUITests.xctest; sourceTree = BUILT_PRODUCTS_DIR; };
		90D9C70F1E3A2025004C954E /* CameraTaskUITests.swift */ = {isa = PBXFileReference; lastKnownFileType = sourcecode.swift; path = CameraTaskUITests.swift; sourceTree = "<group>"; };
		90D9C7111E3A2025004C954E /* Info.plist */ = {isa = PBXFileReference; lastKnownFileType = text.plist.xml; path = Info.plist; sourceTree = "<group>"; };
/* End PBXFileReference section */

/* Begin PBXFrameworksBuildPhase section */
		90D9C6E91E3A2024004C954E /* Frameworks */ = {
			isa = PBXFrameworksBuildPhase;
			buildActionMask = 2147483647;
			files = (
			);
			runOnlyForDeploymentPostprocessing = 0;
		};
		90D9C6FD1E3A2025004C954E /* Frameworks */ = {
			isa = PBXFrameworksBuildPhase;
			buildActionMask = 2147483647;
			files = (
			);
			runOnlyForDeploymentPostprocessing = 0;
		};
		90D9C7081E3A2025004C954E /* Frameworks */ = {
			isa = PBXFrameworksBuildPhase;
			buildActionMask = 2147483647;
			files = (
			);
			runOnlyForDeploymentPostprocessing = 0;
		};
/* End PBXFrameworksBuildPhase section */

/* Begin PBXGroup section */
		90D9C6E31E3A2024004C954E = {
			isa = PBXGroup;
			children = (
				90D9C6EE1E3A2024004C954E /* CameraTask */,
				90D9C7031E3A2025004C954E /* CameraTaskTests */,
				90D9C70E1E3A2025004C954E /* CameraTaskUITests */,
				90D9C6ED1E3A2024004C954E /* Products */,
			);
			sourceTree = "<group>";
		};
		90D9C6ED1E3A2024004C954E /* Products */ = {
			isa = PBXGroup;
			children = (
				90D9C6EC1E3A2024004C954E /* CameraTask.app */,
				90D9C7001E3A2025004C954E /* CameraTaskTests.xctest */,
				90D9C70B1E3A2025004C954E /* CameraTaskUITests.xctest */,
			);
			name = Products;
			sourceTree = "<group>";
		};
		90D9C6EE1E3A2024004C954E /* CameraTask */ = {
			isa = PBXGroup;
			children = (
				90D9C6EF1E3A2024004C954E /* AppDelegate.swift */,
				90D9C6F11E3A2024004C954E /* ViewController.swift */,
				90D9C6F31E3A2024004C954E /* Main.storyboard */,
				90D9C6F61E3A2024004C954E /* Assets.xcassets */,
				90D9C6F81E3A2024004C954E /* LaunchScreen.storyboard */,
				90D9C6FB1E3A2024004C954E /* Info.plist */,
			);
			path = CameraTask;
			sourceTree = "<group>";
		};
		90D9C7031E3A2025004C954E /* CameraTaskTests */ = {
			isa = PBXGroup;
			children = (
				90D9C7041E3A2025004C954E /* CameraTaskTests.swift */,
				90D9C7061E3A2025004C954E /* Info.plist */,
			);
			path = CameraTaskTests;
			sourceTree = "<group>";
		};
		90D9C70E1E3A2025004C954E /* CameraTaskUITests */ = {
			isa = PBXGroup;
			children = (
				90D9C70F1E3A2025004C954E /* CameraTaskUITests.swift */,
				90D9C7111E3A2025004C954E /* Info.plist */,
			);
			path = CameraTaskUITests;
			sourceTree = "<group>";
		};
/* End PBXGroup section */

/* Begin PBXNativeTarget section */
		90D9C6EB1E3A2024004C954E /* CameraTask */ = {
			isa = PBXNativeTarget;
			buildConfigurationList = 90D9C7141E3A2025004C954E /* Build configuration list for PBXNativeTarget "CameraTask" */;
			buildPhases = (
				90D9C6E81E3A2024004C954E /* Sources */,
				90D9C6E91E3A2024004C954E /* Frameworks */,
				90D9C6EA1E3A2024004C954E /* Resources */,
			);
			buildRules = (
			);
			dependencies = (
			);
			name = CameraTask;
			productName = CameraTask;
			productReference = 90D9C6EC1E3A2024004C954E /* CameraTask.app */;
			productType = "com.apple.product-type.application";
		};
		90D9C6FF1E3A2025004C954E /* CameraTaskTests */ = {
			isa = PBXNativeTarget;
			buildConfigurationList = 90D9C7171E3A2025004C954E /* Build configuration list for PBXNativeTarget "CameraTaskTests" */;
			buildPhases = (
				90D9C6FC1E3A2025004C954E /* Sources */,
				90D9C6FD1E3A2025004C954E /* Frameworks */,
				90D9C6FE1E3A2025004C954E /* Resources */,
			);
			buildRules = (
			);
			dependencies = (
				90D9C7021E3A2025004C954E /* PBXTargetDependency */,
			);
			name = CameraTaskTests;
			productName = CameraTaskTests;
			productReference = 90D9C7001E3A2025004C954E /* CameraTaskTests.xctest */;
			productType = "com.apple.product-type.bundle.unit-test";
		};
		90D9C70A1E3A2025004C954E /* CameraTaskUITests */ = {
			isa = PBXNativeTarget;
			buildConfigurationList = 90D9C71A1E3A2025004C954E /* Build configuration list for PBXNativeTarget "CameraTaskUITests" */;
			buildPhases = (
				90D9C7071E3A2025004C954E /* Sources */,
				90D9C7081E3A2025004C954E /* Frameworks */,
				90D9C7091E3A2025004C954E /* Resources */,
			);
			buildRules = (
			);
			dependencies = (
				90D9C70D1E3A2025004C954E /* PBXTargetDependency */,
			);
			name = CameraTaskUITests;
			productName = CameraTaskUITests;
			productReference = 90D9C70B1E3A2025004C954E /* CameraTaskUITests.xctest */;
			productType = "com.apple.product-type.bundle.ui-testing";
		};
/* End PBXNativeTarget section */

/* Begin PBXProject section */
		90D9C6E41E3A2024004C954E /* Project object */ = {
			isa = PBXProject;
			attributes = {
				LastSwiftUpdateCheck = 0800;
				LastUpgradeCheck = 0800;
				ORGANIZATIONNAME = "Sathish chinniah";
				TargetAttributes = {
					90D9C6EB1E3A2024004C954E = {
						CreatedOnToolsVersion = 8.0;
						DevelopmentTeam = 4ZZYSL38D9;
						ProvisioningStyle = Automatic;
					};
					90D9C6FF1E3A2025004C954E = {
						CreatedOnToolsVersion = 8.0;
						ProvisioningStyle = Automatic;
						TestTargetID = 90D9C6EB1E3A2024004C954E;
					};
					90D9C70A1E3A2025004C954E = {
						CreatedOnToolsVersion = 8.0;
						ProvisioningStyle = Automatic;
						TestTargetID = 90D9C6EB1E3A2024004C954E;
					};
				};
			};
			buildConfigurationList = 90D9C6E71E3A2024004C954E /* Build configuration list for PBXProject "CameraTask" */;
			compatibilityVersion = "Xcode 3.2";
			developmentRegion = English;
			hasScannedForEncodings = 0;
			knownRegions = (
				en,
				Base,
			);
			mainGroup = 90D9C6E31E3A2024004C954E;
			productRefGroup = 90D9C6ED1E3A2024004C954E /* Products */;
			projectDirPath = "";
			projectRoot = "";
			targets = (
				90D9C6EB1E3A2024004C954E /* CameraTask */,
				90D9C6FF1E3A2025004C954E /* CameraTaskTests */,
				90D9C70A1E3A2025004C954E /* CameraTaskUITests */,
			);
		};
/* End PBXProject section */

/* Begin PBXResourcesBuildPhase section */
		90D9C6EA1E3A2024004C954E /* Resources */ = {
			isa = PBXResourcesBuildPhase;
			buildActionMask = 2147483647;
			files = (
				90D9C6FA1E3A2024004C954E /* LaunchScreen.storyboard in Resources */,
				90D9C6F71E3A2024004C954E /* Assets.xcassets in Resources */,
				90D9C6F51E3A2024004C954E /* Main.storyboard in Resources */,
			);
			runOnlyForDeploymentPostprocessing = 0;
		};
		90D9C6FE1E3A2025004C954E /* Resources */ = {
			isa = PBXResourcesBuildPhase;
			buildActionMask = 2147483647;
			files = (
			);
			runOnlyForDeploymentPostprocessing = 0;
		};
		90D9C7091E3A2025004C954E /* Resources */ = {
			isa = PBXResourcesBuildPhase;
			buildActionMask = 2147483647;
			files = (
			);
			runOnlyForDeploymentPostprocessing = 0;
		};
/* End PBXResourcesBuildPhase section */

/* Begin PBXSourcesBuildPhase section */
		90D9C6E81E3A2024004C954E /* Sources */ = {
			isa = PBXSourcesBuildPhase;
			buildActionMask = 2147483647;
			files = (
				90D9C6F21E3A2024004C954E /* ViewController.swift in Sources */,
				90D9C6F01E3A2024004C954E /* AppDelegate.swift in Sources */,
			);
			runOnlyForDeploymentPostprocessing = 0;
		};
		90D9C6FC1E3A2025004C954E /* Sources */ = {
			isa = PBXSourcesBuildPhase;
			buildActionMask = 2147483647;
			files = (
				90D9C7051E3A2025004C954E /* CameraTaskTests.swift in Sources */,
			);
			runOnlyForDeploymentPostprocessing = 0;
		};
		90D9C7071E3A2025004C954E /* Sources */ = {
			isa = PBXSourcesBuildPhase;
			buildActionMask = 2147483647;
			files = (
				90D9C7101E3A2025004C954E /* CameraTaskUITests.swift in Sources */,
			);
			runOnlyForDeploymentPostprocessing = 0;
		};
/* End PBXSourcesBuildPhase section */

/* Begin PBXTargetDependency section */
		90D9C7021E3A2025004C954E /* PBXTargetDependency */ = {
			isa = PBXTargetDependency;
			target = 90D9C6EB1E3A2024004C954E /* CameraTask */;
			targetProxy = 90D9C7011E3A2025004C954E /* PBXContainerItemProxy */;
		};
		90D9C70D1E3A2025004C954E /* PBXTargetDependency */ = {
			isa = PBXTargetDependency;
			target = 90D9C6EB1E3A2024004C954E /* CameraTask */;
			targetProxy = 90D9C70C1E3A2025004C954E /* PBXContainerItemProxy */;
		};
/* End PBXTargetDependency section */

/* Begin PBXVariantGroup section */
		90D9C6F31E3A2024004C954E /* Main.storyboard */ = {
			isa = PBXVariantGroup;
			children = (
				90D9C6F41E3A2024004C954E /* Base */,
			);
			name = Main.storyboard;
			sourceTree = "<group>";
		};
		90D9C6F81E3A2024004C954E /* LaunchScreen.storyboard */ = {
			isa = PBXVariantGroup;
			children = (
				90D9C6F91E3A2024004C954E /* Base */,
			);
			name = LaunchScreen.storyboard;
			sourceTree = "<group>";
		};
/* End PBXVariantGroup section */

/* Begin XCBuildConfiguration section */
		90D9C7121E3A2025004C954E /* Debug */ = {
			isa = XCBuildConfiguration;
			buildSettings = {
				ALWAYS_SEARCH_USER_PATHS = NO;
				CLANG_ANALYZER_NONNULL = YES;
				CLANG_CXX_LANGUAGE_STANDARD = "gnu++0x";
				CLANG_CXX_LIBRARY = "libc++";
				CLANG_ENABLE_MODULES = YES;
				CLANG_ENABLE_OBJC_ARC = YES;
				CLANG_WARN_BOOL_CONVERSION = YES;
				CLANG_WARN_CONSTANT_CONVERSION = YES;
				CLANG_WARN_DIRECT_OBJC_ISA_USAGE = YES_ERROR;
				CLANG_WARN_DOCUMENTATION_COMMENTS = YES;
				CLANG_WARN_EMPTY_BODY = YES;
				CLANG_WARN_ENUM_CONVERSION = YES;
				CLANG_WARN_INFINITE_RECURSION = YES;
				CLANG_WARN_INT_CONVERSION = YES;
				CLANG_WARN_OBJC_ROOT_CLASS = YES_ERROR;
				CLANG_WARN_SUSPICIOUS_MOVES = YES;
				CLANG_WARN_UNREACHABLE_CODE = YES;
				CLANG_WARN__DUPLICATE_METHOD_MATCH = YES;
				"CODE_SIGN_IDENTITY[sdk=iphoneos*]" = "iPhone Developer";
				COPY_PHASE_STRIP = NO;
				DEBUG_INFORMATION_FORMAT = dwarf;
				ENABLE_STRICT_OBJC_MSGSEND = YES;
				ENABLE_TESTABILITY = YES;
				GCC_C_LANGUAGE_STANDARD = gnu99;
				GCC_DYNAMIC_NO_PIC = NO;
				GCC_NO_COMMON_BLOCKS = YES;
				GCC_OPTIMIZATION_LEVEL = 0;
				GCC_PREPROCESSOR_DEFINITIONS = (
					"DEBUG=1",
					"$(inherited)",
				);
				GCC_WARN_64_TO_32_BIT_CONVERSION = YES;
				GCC_WARN_ABOUT_RETURN_TYPE = YES_ERROR;
				GCC_WARN_UNDECLARED_SELECTOR = YES;
				GCC_WARN_UNINITIALIZED_AUTOS = YES_AGGRESSIVE;
				GCC_WARN_UNUSED_FUNCTION = YES;
				GCC_WARN_UNUSED_VARIABLE = YES;
				IPHONEOS_DEPLOYMENT_TARGET = 10.0;
				MTL_ENABLE_DEBUG_INFO = YES;
				ONLY_ACTIVE_ARCH = YES;
				SDKROOT = iphoneos;
				SWIFT_ACTIVE_COMPILATION_CONDITIONS = DEBUG;
				SWIFT_OPTIMIZATION_LEVEL = "-Onone";
			};
			name = Debug;
		};
		90D9C7131E3A2025004C954E /* Release */ = {
			isa = XCBuildConfiguration;
			buildSettings = {
				ALWAYS_SEARCH_USER_PATHS = NO;
				CLANG_ANALYZER_NONNULL = YES;
				CLANG_CXX_LANGUAGE_STANDARD = "gnu++0x";
				CLANG_CXX_LIBRARY = "libc++";
				CLANG_ENABLE_MODULES = YES;
				CLANG_ENABLE_OBJC_ARC = YES;
				CLANG_WARN_BOOL_CONVERSION = YES;
				CLANG_WARN_CONSTANT_CONVERSION = YES;
				CLANG_WARN_DIRECT_OBJC_ISA_USAGE = YES_ERROR;
				CLANG_WARN_DOCUMENTATION_COMMENTS = YES;
				CLANG_WARN_EMPTY_BODY = YES;
				CLANG_WARN_ENUM_CONVERSION = YES;
				CLANG_WARN_INFINITE_RECURSION = YES;
				CLANG_WARN_INT_CONVERSION = YES;
				CLANG_WARN_OBJC_ROOT_CLASS = YES_ERROR;
				CLANG_WARN_SUSPICIOUS_MOVES = YES;
				CLANG_WARN_UNREACHABLE_CODE = YES;
				CLANG_WARN__DUPLICATE_METHOD_MATCH = YES;
				"CODE_SIGN_IDENTITY[sdk=iphoneos*]" = "iPhone Developer";
				COPY_PHASE_STRIP = NO;
				DEBUG_INFORMATION_FORMAT = "dwarf-with-dsym";
				ENABLE_NS_ASSERTIONS = NO;
				ENABLE_STRICT_OBJC_MSGSEND = YES;
				GCC_C_LANGUAGE_STANDARD = gnu99;
				GCC_NO_COMMON_BLOCKS = YES;
				GCC_WARN_64_TO_32_BIT_CONVERSION = YES;
				GCC_WARN_ABOUT_RETURN_TYPE = YES_ERROR;
				GCC_WARN_UNDECLARED_SELECTOR = YES;
				GCC_WARN_UNINITIALIZED_AUTOS = YES_AGGRESSIVE;
				GCC_WARN_UNUSED_FUNCTION = YES;
				GCC_WARN_UNUSED_VARIABLE = YES;
				IPHONEOS_DEPLOYMENT_TARGET = 10.0;
				MTL_ENABLE_DEBUG_INFO = NO;
				SDKROOT = iphoneos;
				SWIFT_OPTIMIZATION_LEVEL = "-Owholemodule";
				VALIDATE_PRODUCT = YES;
			};
			name = Release;
		};
		90D9C7151E3A2025004C954E /* Debug */ = {
			isa = XCBuildConfiguration;
			buildSettings = {
				ASSETCATALOG_COMPILER_APPICON_NAME = AppIcon;
				DEVELOPMENT_TEAM = 4ZZYSL38D9;
				INFOPLIST_FILE = CameraTask/Info.plist;
				IPHONEOS_DEPLOYMENT_TARGET = 9.0;
				LD_RUNPATH_SEARCH_PATHS = "$(inherited) @executable_path/Frameworks";
				PRODUCT_BUNDLE_IDENTIFIER = "sathish-chinniah.CameraTask";
				PRODUCT_NAME = "$(TARGET_NAME)";
				SWIFT_VERSION = 3.0;
			};
			name = Debug;
		};
		90D9C7161E3A2025004C954E /* Release */ = {
			isa = XCBuildConfiguration;
			buildSettings = {
				ASSETCATALOG_COMPILER_APPICON_NAME = AppIcon;
				DEVELOPMENT_TEAM = 4ZZYSL38D9;
				INFOPLIST_FILE = CameraTask/Info.plist;
				IPHONEOS_DEPLOYMENT_TARGET = 9.0;
				LD_RUNPATH_SEARCH_PATHS = "$(inherited) @executable_path/Frameworks";
				PRODUCT_BUNDLE_IDENTIFIER = "sathish-chinniah.CameraTask";
				PRODUCT_NAME = "$(TARGET_NAME)";
				SWIFT_VERSION = 3.0;
			};
			name = Release;
		};
		90D9C7181E3A2025004C954E /* Debug */ = {
			isa = XCBuildConfiguration;
			buildSettings = {
				ALWAYS_EMBED_SWIFT_STANDARD_LIBRARIES = YES;
				BUNDLE_LOADER = "$(TEST_HOST)";
				INFOPLIST_FILE = CameraTaskTests/Info.plist;
				LD_RUNPATH_SEARCH_PATHS = "$(inherited) @executable_path/Frameworks @loader_path/Frameworks";
				PRODUCT_BUNDLE_IDENTIFIER = "sathish-chinniah.CameraTaskTests";
				PRODUCT_NAME = "$(TARGET_NAME)";
				SWIFT_VERSION = 3.0;
				TEST_HOST = "$(BUILT_PRODUCTS_DIR)/CameraTask.app/CameraTask";
			};
			name = Debug;
		};
		90D9C7191E3A2025004C954E /* Release */ = {
			isa = XCBuildConfiguration;
			buildSettings = {
				ALWAYS_EMBED_SWIFT_STANDARD_LIBRARIES = YES;
				BUNDLE_LOADER = "$(TEST_HOST)";
				INFOPLIST_FILE = CameraTaskTests/Info.plist;
				LD_RUNPATH_SEARCH_PATHS = "$(inherited) @executable_path/Frameworks @loader_path/Frameworks";
				PRODUCT_BUNDLE_IDENTIFIER = "sathish-chinniah.CameraTaskTests";
				PRODUCT_NAME = "$(TARGET_NAME)";
				SWIFT_VERSION = 3.0;
				TEST_HOST = "$(BUILT_PRODUCTS_DIR)/CameraTask.app/CameraTask";
			};
			name = Release;
		};
		90D9C71B1E3A2025004C954E /* Debug */ = {
			isa = XCBuildConfiguration;
			buildSettings = {
				ALWAYS_EMBED_SWIFT_STANDARD_LIBRARIES = YES;
				INFOPLIST_FILE = CameraTaskUITests/Info.plist;
				LD_RUNPATH_SEARCH_PATHS = "$(inherited) @executable_path/Frameworks @loader_path/Frameworks";
				PRODUCT_BUNDLE_IDENTIFIER = "sathish-chinniah.CameraTaskUITests";
				PRODUCT_NAME = "$(TARGET_NAME)";
				SWIFT_VERSION = 3.0;
				TEST_TARGET_NAME = CameraTask;
			};
			name = Debug;
		};
		90D9C71C1E3A2025004C954E /* Release */ = {
			isa = XCBuildConfiguration;
			buildSettings = {
				ALWAYS_EMBED_SWIFT_STANDARD_LIBRARIES = YES;
				INFOPLIST_FILE = CameraTaskUITests/Info.plist;
				LD_RUNPATH_SEARCH_PATHS = "$(inherited) @executable_path/Frameworks @loader_path/Frameworks";
				PRODUCT_BUNDLE_IDENTIFIER = "sathish-chinniah.CameraTaskUITests";
				PRODUCT_NAME = "$(TARGET_NAME)";
				SWIFT_VERSION = 3.0;
				TEST_TARGET_NAME = CameraTask;
			};
			name = Release;
		};
/* End XCBuildConfiguration section */

/* Begin XCConfigurationList section */
		90D9C6E71E3A2024004C954E /* Build configuration list for PBXProject "CameraTask" */ = {
			isa = XCConfigurationList;
			buildConfigurations = (
				90D9C7121E3A2025004C954E /* Debug */,
				90D9C7131E3A2025004C954E /* Release */,
			);
			defaultConfigurationIsVisible = 0;
			defaultConfigurationName = Release;
		};
		90D9C7141E3A2025004C954E /* Build configuration list for PBXNativeTarget "CameraTask" */ = {
			isa = XCConfigurationList;
			buildConfigurations = (
				90D9C7151E3A2025004C954E /* Debug */,
				90D9C7161E3A2025004C954E /* Release */,
			);
			defaultConfigurationIsVisible = 0;
			defaultConfigurationName = Release;
		};
		90D9C7171E3A2025004C954E /* Build configuration list for PBXNativeTarget "CameraTaskTests" */ = {
			isa = XCConfigurationList;
			buildConfigurations = (
				90D9C7181E3A2025004C954E /* Debug */,
				90D9C7191E3A2025004C954E /* Release */,
			);
			defaultConfigurationIsVisible = 0;
			defaultConfigurationName = Release;
		};
		90D9C71A1E3A2025004C954E /* Build configuration list for PBXNativeTarget "CameraTaskUITests" */ = {
			isa = XCConfigurationList;
			buildConfigurations = (
				90D9C71B1E3A2025004C954E /* Debug */,
				90D9C71C1E3A2025004C954E /* Release */,
			);
			defaultConfigurationIsVisible = 0;
			defaultConfigurationName = Release;
		};
/* End XCConfigurationList section */
	};
	rootObject = 90D9C6E41E3A2024004C954E /* Project object */;
}
